
Microsoft Visual Studio Solution File, Format Version 12.00
# Visual Studio Express 2012 for Windows Desktop
Project("{FAE04EC0-301F-11D3-BF4B-00C04F79EFBC}") = "WindowQNH", "WindowQNH\WindowQNH.csproj", "{FDED1F0C-54A2-4B7F-9AC1-114D49AAB836}"
EndProject
Global
	GlobalSection(SolutionConfigurationPlatforms) = preSolution
		Debug|Any CPU = Debug|Any CPU
		Release|Any CPU = Release|Any CPU
	EndGlobalSection
	GlobalSection(ProjectConfigurationPlatforms) = postSolution
		{FDED1F0C-54A2-4B7F-9AC1-114D49AAB836}.Debug|Any CPU.ActiveCfg = Debug|Any CPU
		{FDED1F0C-54A2-4B7F-9AC1-114D49AAB836}.Debug|Any CPU.Build.0 = Debug|Any CPU
		{FDED1F0C-54A2-4B7F-9AC1-114D49AAB836}.Release|Any CPU.ActiveCfg = Release|Any CPU
		{FDED1F0C-54A2-4B7F-9AC1-114D49AAB836}.Release|Any CPU.Build.0 = Release|Any CPU
	EndGlobalSection
	GlobalSection(SolutionProperties) = preSolution
		HideSolutionNode = FALSE
	EndGlobalSection
EndGlobal
